
Microsoft Visual Studio Solution File, Format Version 12.00
# Visual Studio 14
VisualStudioVersion = 14.0.24720.0
MinimumVisualStudioVersion = 10.0.40219.1
Project("{FAE04EC0-301F-11D3-BF4B-00C04F79EFBC}") = "CrmOutlookAddIn2013", "CrmOutlookAddIn2013\CrmOutlookAddIn2013.csproj", "{04A4DBD7-4BB0-493D-9293-C98E5751883A}"
EndProject
Project("{54435603-DBB4-11D2-8724-00A0C9A8B90C}") = "OutlookCrmSetup", "OutlookCrmSetup\OutlookCrmSetup.vdproj", "{DB938AC9-ADF8-424E-95DA-CC13969B4839}"
EndProject
Global
	GlobalSection(SolutionConfigurationPlatforms) = preSolution
		Debug|Any CPU = Debug|Any CPU
		Debug|Default = Debug|Default
		Release|Any CPU = Release|Any CPU
		Release|Default = Release|Default
	EndGlobalSection
	GlobalSection(ProjectConfigurationPlatforms) = postSolution
		{04A4DBD7-4BB0-493D-9293-C98E5751883A}.Debug|Any CPU.ActiveCfg = Debug|Any CPU
		{04A4DBD7-4BB0-493D-9293-C98E5751883A}.Debug|Any CPU.Build.0 = Debug|Any CPU
		{04A4DBD7-4BB0-493D-9293-C98E5751883A}.Debug|Default.ActiveCfg = Debug|Any CPU
		{04A4DBD7-4BB0-493D-9293-C98E5751883A}.Debug|Default.Build.0 = Debug|Any CPU
		{04A4DBD7-4BB0-493D-9293-C98E5751883A}.Release|Any CPU.ActiveCfg = Release|Any CPU
		{04A4DBD7-4BB0-493D-9293-C98E5751883A}.Release|Any CPU.Build.0 = Release|Any CPU
		{04A4DBD7-4BB0-493D-9293-C98E5751883A}.Release|Default.ActiveCfg = Release|Any CPU
		{04A4DBD7-4BB0-493D-9293-C98E5751883A}.Release|Default.Build.0 = Release|Any CPU
		{DB938AC9-ADF8-424E-95DA-CC13969B4839}.Debug|Any CPU.ActiveCfg = Debug
		{DB938AC9-ADF8-424E-95DA-CC13969B4839}.Debug|Default.ActiveCfg = Debug
		{DB938AC9-ADF8-424E-95DA-CC13969B4839}.Debug|Default.Build.0 = Debug
		{DB938AC9-ADF8-424E-95DA-CC13969B4839}.Release|Any CPU.ActiveCfg = Release
		{DB938AC9-ADF8-424E-95DA-CC13969B4839}.Release|Any CPU.Build.0 = Release
		{DB938AC9-ADF8-424E-95DA-CC13969B4839}.Release|Default.ActiveCfg = Release
		{DB938AC9-ADF8-424E-95DA-CC13969B4839}.Release|Default.Build.0 = Release
	EndGlobalSection
	GlobalSection(SolutionProperties) = preSolution
		HideSolutionNode = FALSE
	EndGlobalSection
	GlobalSection(SolutionConfigurationPlatforms) = preSolution
		Debug|Any CPU = Debug|Any CPU
		Debug|Default = Debug|Default
		Release|Any CPU = Release|Any CPU
		Release|Default = Release|Default
	EndGlobalSection
	GlobalSection(SolutionConfigurationPlatforms) = preSolution
		Debug|Any CPU = Debug|Any CPU
		Debug|Default = Debug|Default
		Release|Any CPU = Release|Any CPU
		Release|Default = Release|Default
	EndGlobalSection
EndGlobal
